
Microsoft Visual Studio Solution File, Format Version 12.00
# Visual Studio Version 16
VisualStudioVersion = 16.0.30204.135
MinimumVisualStudioVersion = 10.0.40219.1
Project("{FAE04EC0-301F-11D3-BF4B-00C04F79EFBC}") = "EFCoreMulti.Infrastucture", "EFCoreMulti.Infrastucture\EFCoreMulti.Infrastucture.csproj", "{F6B00298-5EB2-46E7-BEE8-EA3B7D71B243}"
EndProject
Project("{FAE04EC0-301F-11D3-BF4B-00C04F79EFBC}") = "EFCoreMulti.Models", "EFCoreMulti.Models\EFCoreMulti.Models.csproj", "{132075E4-775C-40B4-8CBC-0412E31FCB59}"
EndProject
Project("{FAE04EC0-301F-11D3-BF4B-00C04F79EFBC}") = "EFCoreMulti.Configurations.A", "EFCoreMulti.Configurations.A\EFCoreMulti.Configurations.A.csproj", "{5E3B05BD-BCD2-48B6-858C-4C2CCC7031C0}"
EndProject
Project("{FAE04EC0-301F-11D3-BF4B-00C04F79EFBC}") = "EFCoreMulti.ConsoleClient", "EFCoreMulti.ConsoleClient\EFCoreMulti.ConsoleClient.csproj", "{23A0E41A-196D-4A69-B3AB-C8E4E5D5156A}"
EndProject
Project("{FAE04EC0-301F-11D3-BF4B-00C04F79EFBC}") = "EFCoreMulti.Configurations.B", "EFCoreMulti.Configurations.B\EFCoreMulti.Configurations.B.csproj", "{F42053E2-47B1-45EE-92BD-06B5E8AB61AF}"
EndProject
Global
	GlobalSection(SolutionConfigurationPlatforms) = preSolution
		Debug|Any CPU = Debug|Any CPU
		Release|Any CPU = Release|Any CPU
	EndGlobalSection
	GlobalSection(ProjectConfigurationPlatforms) = postSolution
		{F6B00298-5EB2-46E7-BEE8-EA3B7D71B243}.Debug|Any CPU.ActiveCfg = Debug|Any CPU
		{F6B00298-5EB2-46E7-BEE8-EA3B7D71B243}.Debug|Any CPU.Build.0 = Debug|Any CPU
		{F6B00298-5EB2-46E7-BEE8-EA3B7D71B243}.Release|Any CPU.ActiveCfg = Release|Any CPU
		{F6B00298-5EB2-46E7-BEE8-EA3B7D71B243}.Release|Any CPU.Build.0 = Release|Any CPU
		{132075E4-775C-40B4-8CBC-0412E31FCB59}.Debug|Any CPU.ActiveCfg = Debug|Any CPU
		{132075E4-775C-40B4-8CBC-0412E31FCB59}.Debug|Any CPU.Build.0 = Debug|Any CPU
		{132075E4-775C-40B4-8CBC-0412E31FCB59}.Release|Any CPU.ActiveCfg = Release|Any CPU
		{132075E4-775C-40B4-8CBC-0412E31FCB59}.Release|Any CPU.Build.0 = Release|Any CPU
		{5E3B05BD-BCD2-48B6-858C-4C2CCC7031C0}.Debug|Any CPU.ActiveCfg = Debug|Any CPU
		{5E3B05BD-BCD2-48B6-858C-4C2CCC7031C0}.Debug|Any CPU.Build.0 = Debug|Any CPU
		{5E3B05BD-BCD2-48B6-858C-4C2CCC7031C0}.Release|Any CPU.ActiveCfg = Release|Any CPU
		{5E3B05BD-BCD2-48B6-858C-4C2CCC7031C0}.Release|Any CPU.Build.0 = Release|Any CPU
		{23A0E41A-196D-4A69-B3AB-C8E4E5D5156A}.Debug|Any CPU.ActiveCfg = Debug|Any CPU
		{23A0E41A-196D-4A69-B3AB-C8E4E5D5156A}.Debug|Any CPU.Build.0 = Debug|Any CPU
		{23A0E41A-196D-4A69-B3AB-C8E4E5D5156A}.Release|Any CPU.ActiveCfg = Release|Any CPU
		{23A0E41A-196D-4A69-B3AB-C8E4E5D5156A}.Release|Any CPU.Build.0 = Release|Any CPU
		{F42053E2-47B1-45EE-92BD-06B5E8AB61AF}.Debug|Any CPU.ActiveCfg = Debug|Any CPU
		{F42053E2-47B1-45EE-92BD-06B5E8AB61AF}.Debug|Any CPU.Build.0 = Debug|Any CPU
		{F42053E2-47B1-45EE-92BD-06B5E8AB61AF}.Release|Any CPU.ActiveCfg = Release|Any CPU
		{F42053E2-47B1-45EE-92BD-06B5E8AB61AF}.Release|Any CPU.Build.0 = Release|Any CPU
	EndGlobalSection
	GlobalSection(SolutionProperties) = preSolution
		HideSolutionNode = FALSE
	EndGlobalSection
	GlobalSection(ExtensibilityGlobals) = postSolution
		SolutionGuid = {99772AE7-C1D2-4166-A650-CC7C918C9B18}
	EndGlobalSection
EndGlobal
